// !$*UTF8*$!
{
	archiveVersion = 1;
	classes = {
	};
	objectVersion = 46;
	objects = {

/* Begin PBXBuildFile section */
		B81FF17F1E1D5C08002A163F /* AppDelegate.swift in Sources */ = {isa = PBXBuildFile; fileRef = B81FF17E1E1D5C08002A163F /* AppDelegate.swift */; };
		B81FF1811E1D5C08002A163F /* ViewController.swift in Sources */ = {isa = PBXBuildFile; fileRef = B81FF1801E1D5C08002A163F /* ViewController.swift */; };
		B81FF1841E1D5C08002A163F /* Main.storyboard in Resources */ = {isa = PBXBuildFile; fileRef = B81FF1821E1D5C08002A163F /* Main.storyboard */; };
		B81FF1861E1D5C08002A163F /* Assets.xcassets in Resources */ = {isa = PBXBuildFile; fileRef = B81FF1851E1D5C08002A163F /* Assets.xcassets */; };
		B81FF1891E1D5C08002A163F /* LaunchScreen.storyboard in Resources */ = {isa = PBXBuildFile; fileRef = B81FF1871E1D5C08002A163F /* LaunchScreen.storyboard */; };
		B81FF1941E1D5C08002A163F /* PageTheScrollTests.swift in Sources */ = {isa = PBXBuildFile; fileRef = B81FF1931E1D5C08002A163F /* PageTheScrollTests.swift */; };
		B81FF19F1E1D5C08002A163F /* PageTheScrollUITests.swift in Sources */ = {isa = PBXBuildFile; fileRef = B81FF19E1E1D5C08002A163F /* PageTheScrollUITests.swift */; };
/* End PBXBuildFile section */

/* Begin PBXContainerItemProxy section */
		B81FF1901E1D5C08002A163F /* PBXContainerItemProxy */ = {
			isa = PBXContainerItemProxy;
			containerPortal = B81FF1731E1D5C08002A163F /* Project object */;
			proxyType = 1;
			remoteGlobalIDString = B81FF17A1E1D5C08002A163F;
			remoteInfo = PageTheScroll;
		};
		B81FF19B1E1D5C08002A163F /* PBXContainerItemProxy */ = {
			isa = PBXContainerItemProxy;
			containerPortal = B81FF1731E1D5C08002A163F /* Project object */;
			proxyType = 1;
			remoteGlobalIDString = B81FF17A1E1D5C08002A163F;
			remoteInfo = PageTheScroll;
		};
/* End PBXContainerItemProxy section */

/* Begin PBXFileReference section */
		B81FF17B1E1D5C08002A163F /* PageTheScroll.app */ = {isa = PBXFileReference; explicitFileType = wrapper.application; includeInIndex = 0; path = PageTheScroll.app; sourceTree = BUILT_PRODUCTS_DIR; };
		B81FF17E1E1D5C08002A163F /* AppDelegate.swift */ = {isa = PBXFileReference; lastKnownFileType = sourcecode.swift; path = AppDelegate.swift; sourceTree = "<group>"; };
		B81FF1801E1D5C08002A163F /* ViewController.swift */ = {isa = PBXFileReference; lastKnownFileType = sourcecode.swift; path = ViewController.swift; sourceTree = "<group>"; };
		B81FF1831E1D5C08002A163F /* Base */ = {isa = PBXFileReference; lastKnownFileType = file.storyboard; name = Base; path = Base.lproj/Main.storyboard; sourceTree = "<group>"; };
		B81FF1851E1D5C08002A163F /* Assets.xcassets */ = {isa = PBXFileReference; lastKnownFileType = folder.assetcatalog; path = Assets.xcassets; sourceTree = "<group>"; };
		B81FF1881E1D5C08002A163F /* Base */ = {isa = PBXFileReference; lastKnownFileType = file.storyboard; name = Base; path = Base.lproj/LaunchScreen.storyboard; sourceTree = "<group>"; };
		B81FF18A1E1D5C08002A163F /* Info.plist */ = {isa = PBXFileReference; lastKnownFileType = text.plist.xml; path = Info.plist; sourceTree = "<group>"; };
		B81FF18F1E1D5C08002A163F /* PageTheScrollTests.xctest */ = {isa = PBXFileReference; explicitFileType = wrapper.cfbundle; includeInIndex = 0; path = PageTheScrollTests.xctest; sourceTree = BUILT_PRODUCTS_DIR; };
		B81FF1931E1D5C08002A163F /* PageTheScrollTests.swift */ = {isa = PBXFileReference; lastKnownFileType = sourcecode.swift; path = PageTheScrollTests.swift; sourceTree = "<group>"; };
		B81FF1951E1D5C08002A163F /* Info.plist */ = {isa = PBXFileReference; lastKnownFileType = text.plist.xml; path = Info.plist; sourceTree = "<group>"; };
		B81FF19A1E1D5C08002A163F /* PageTheScrollUITests.xctest */ = {isa = PBXFileReference; explicitFileType = wrapper.cfbundle; includeInIndex = 0; path = PageTheScrollUITests.xctest; sourceTree = BUILT_PRODUCTS_DIR; };
		B81FF19E1E1D5C08002A163F /* PageTheScrollUITests.swift */ = {isa = PBXFileReference; lastKnownFileType = sourcecode.swift; path = PageTheScrollUITests.swift; sourceTree = "<group>"; };
		B81FF1A01E1D5C08002A163F /* Info.plist */ = {isa = PBXFileReference; lastKnownFileType = text.plist.xml; path = Info.plist; sourceTree = "<group>"; };
/* End PBXFileReference section */

/* Begin PBXFrameworksBuildPhase section */
		B81FF1781E1D5C08002A163F /* Frameworks */ = {
			isa = PBXFrameworksBuildPhase;
			buildActionMask = 2147483647;
			files = (
			);
			runOnlyForDeploymentPostprocessing = 0;
		};
		B81FF18C1E1D5C08002A163F /* Frameworks */ = {
			isa = PBXFrameworksBuildPhase;
			buildActionMask = 2147483647;
			files = (
			);
			runOnlyForDeploymentPostprocessing = 0;
		};
		B81FF1971E1D5C08002A163F /* Frameworks */ = {
			isa = PBXFrameworksBuildPhase;
			buildActionMask = 2147483647;
			files = (
			);
			runOnlyForDeploymentPostprocessing = 0;
		};
/* End PBXFrameworksBuildPhase section */

/* Begin PBXGroup section */
		B81FF1721E1D5C08002A163F = {
			isa = PBXGroup;
			children = (
				B81FF17D1E1D5C08002A163F /* PageTheScroll */,
				B81FF1921E1D5C08002A163F /* PageTheScrollTests */,
				B81FF19D1E1D5C08002A163F /* PageTheScrollUITests */,
				B81FF17C1E1D5C08002A163F /* Products */,
			);
			sourceTree = "<group>";
		};
		B81FF17C1E1D5C08002A163F /* Products */ = {
			isa = PBXGroup;
			children = (
				B81FF17B1E1D5C08002A163F /* PageTheScroll.app */,
				B81FF18F1E1D5C08002A163F /* PageTheScrollTests.xctest */,
				B81FF19A1E1D5C08002A163F /* PageTheScrollUITests.xctest */,
			);
			name = Products;
			sourceTree = "<group>";
		};
		B81FF17D1E1D5C08002A163F /* PageTheScroll */ = {
			isa = PBXGroup;
			children = (
				B81FF17E1E1D5C08002A163F /* AppDelegate.swift */,
				B81FF1801E1D5C08002A163F /* ViewController.swift */,
				B81FF1821E1D5C08002A163F /* Main.storyboard */,
				B81FF1851E1D5C08002A163F /* Assets.xcassets */,
				B81FF1871E1D5C08002A163F /* LaunchScreen.storyboard */,
				B81FF18A1E1D5C08002A163F /* Info.plist */,
			);
			path = PageTheScroll;
			sourceTree = "<group>";
		};
		B81FF1921E1D5C08002A163F /* PageTheScrollTests */ = {
			isa = PBXGroup;
			children = (
				B81FF1931E1D5C08002A163F /* PageTheScrollTests.swift */,
				B81FF1951E1D5C08002A163F /* Info.plist */,
			);
			path = PageTheScrollTests;
			sourceTree = "<group>";
		};
		B81FF19D1E1D5C08002A163F /* PageTheScrollUITests */ = {
			isa = PBXGroup;
			children = (
				B81FF19E1E1D5C08002A163F /* PageTheScrollUITests.swift */,
				B81FF1A01E1D5C08002A163F /* Info.plist */,
			);
			path = PageTheScrollUITests;
			sourceTree = "<group>";
		};
/* End PBXGroup section */

/* Begin PBXNativeTarget section */
		B81FF17A1E1D5C08002A163F /* PageTheScroll */ = {
			isa = PBXNativeTarget;
			buildConfigurationList = B81FF1A31E1D5C08002A163F /* Build configuration list for PBXNativeTarget "PageTheScroll" */;
			buildPhases = (
				B81FF1771E1D5C08002A163F /* Sources */,
				B81FF1781E1D5C08002A163F /* Frameworks */,
				B81FF1791E1D5C08002A163F /* Resources */,
			);
			buildRules = (
			);
			dependencies = (
			);
			name = PageTheScroll;
			productName = PageTheScroll;
			productReference = B81FF17B1E1D5C08002A163F /* PageTheScroll.app */;
			productType = "com.apple.product-type.application";
		};
		B81FF18E1E1D5C08002A163F /* PageTheScrollTests */ = {
			isa = PBXNativeTarget;
			buildConfigurationList = B81FF1A61E1D5C08002A163F /* Build configuration list for PBXNativeTarget "PageTheScrollTests" */;
			buildPhases = (
				B81FF18B1E1D5C08002A163F /* Sources */,
				B81FF18C1E1D5C08002A163F /* Frameworks */,
				B81FF18D1E1D5C08002A163F /* Resources */,
			);
			buildRules = (
			);
			dependencies = (
				B81FF1911E1D5C08002A163F /* PBXTargetDependency */,
			);
			name = PageTheScrollTests;
			productName = PageTheScrollTests;
			productReference = B81FF18F1E1D5C08002A163F /* PageTheScrollTests.xctest */;
			productType = "com.apple.product-type.bundle.unit-test";
		};
		B81FF1991E1D5C08002A163F /* PageTheScrollUITests */ = {
			isa = PBXNativeTarget;
			buildConfigurationList = B81FF1A91E1D5C08002A163F /* Build configuration list for PBXNativeTarget "PageTheScrollUITests" */;
			buildPhases = (
				B81FF1961E1D5C08002A163F /* Sources */,
				B81FF1971E1D5C08002A163F /* Frameworks */,
				B81FF1981E1D5C08002A163F /* Resources */,
			);
			buildRules = (
			);
			dependencies = (
				B81FF19C1E1D5C08002A163F /* PBXTargetDependency */,
			);
			name = PageTheScrollUITests;
			productName = PageTheScrollUITests;
			productReference = B81FF19A1E1D5C08002A163F /* PageTheScrollUITests.xctest */;
			productType = "com.apple.product-type.bundle.ui-testing";
		};
/* End PBXNativeTarget section */

/* Begin PBXProject section */
		B81FF1731E1D5C08002A163F /* Project object */ = {
			isa = PBXProject;
			attributes = {
				LastSwiftUpdateCheck = 0820;
				LastUpgradeCheck = 0820;
				ORGANIZATIONNAME = "Eric Sirinian";
				TargetAttributes = {
					B81FF17A1E1D5C08002A163F = {
						CreatedOnToolsVersion = 8.2.1;
						DevelopmentTeam = 54S7LMH8GM;
						ProvisioningStyle = Automatic;
					};
					B81FF18E1E1D5C08002A163F = {
						CreatedOnToolsVersion = 8.2.1;
						DevelopmentTeam = 54S7LMH8GM;
						ProvisioningStyle = Automatic;
						TestTargetID = B81FF17A1E1D5C08002A163F;
					};
					B81FF1991E1D5C08002A163F = {
						CreatedOnToolsVersion = 8.2.1;
						DevelopmentTeam = 54S7LMH8GM;
						ProvisioningStyle = Automatic;
						TestTargetID = B81FF17A1E1D5C08002A163F;
					};
				};
			};
			buildConfigurationList = B81FF1761E1D5C08002A163F /* Build configuration list for PBXProject "PageTheScroll" */;
			compatibilityVersion = "Xcode 3.2";
			developmentRegion = English;
			hasScannedForEncodings = 0;
			knownRegions = (
				en,
				Base,
			);
			mainGroup = B81FF1721E1D5C08002A163F;
			productRefGroup = B81FF17C1E1D5C08002A163F /* Products */;
			projectDirPath = "";
			projectRoot = "";
			targets = (
				B81FF17A1E1D5C08002A163F /* PageTheScroll */,
				B81FF18E1E1D5C08002A163F /* PageTheScrollTests */,
				B81FF1991E1D5C08002A163F /* PageTheScrollUITests */,
			);
		};
/* End PBXProject section */

/* Begin PBXResourcesBuildPhase section */
		B81FF1791E1D5C08002A163F /* Resources */ = {
			isa = PBXResourcesBuildPhase;
			buildActionMask = 2147483647;
			files = (
				B81FF1891E1D5C08002A163F /* LaunchScreen.storyboard in Resources */,
				B81FF1861E1D5C08002A163F /* Assets.xcassets in Resources */,
				B81FF1841E1D5C08002A163F /* Main.storyboard in Resources */,
			);
			runOnlyForDeploymentPostprocessing = 0;
		};
		B81FF18D1E1D5C08002A163F /* Resources */ = {
			isa = PBXResourcesBuildPhase;
			buildActionMask = 2147483647;
			files = (
			);
			runOnlyForDeploymentPostprocessing = 0;
		};
		B81FF1981E1D5C08002A163F /* Resources */ = {
			isa = PBXResourcesBuildPhase;
			buildActionMask = 2147483647;
			files = (
			);
			runOnlyForDeploymentPostprocessing = 0;
		};
/* End PBXResourcesBuildPhase section */

/* Begin PBXSourcesBuildPhase section */
		B81FF1771E1D5C08002A163F /* Sources */ = {
			isa = PBXSourcesBuildPhase;
			buildActionMask = 2147483647;
			files = (
				B81FF1811E1D5C08002A163F /* ViewController.swift in Sources */,
				B81FF17F1E1D5C08002A163F /* AppDelegate.swift in Sources */,
			);
			runOnlyForDeploymentPostprocessing = 0;
		};
		B81FF18B1E1D5C08002A163F /* Sources */ = {
			isa = PBXSourcesBuildPhase;
			buildActionMask = 2147483647;
			files = (
				B81FF1941E1D5C08002A163F /* PageTheScrollTests.swift in Sources */,
			);
			runOnlyForDeploymentPostprocessing = 0;
		};
		B81FF1961E1D5C08002A163F /* Sources */ = {
			isa = PBXSourcesBuildPhase;
			buildActionMask = 2147483647;
			files = (
				B81FF19F1E1D5C08002A163F /* PageTheScrollUITests.swift in Sources */,
			);
			runOnlyForDeploymentPostprocessing = 0;
		};
/* End PBXSourcesBuildPhase section */

/* Begin PBXTargetDependency section */
		B81FF1911E1D5C08002A163F /* PBXTargetDependency */ = {
			isa = PBXTargetDependency;
			target = B81FF17A1E1D5C08002A163F /* PageTheScroll */;
			targetProxy = B81FF1901E1D5C08002A163F /* PBXContainerItemProxy */;
		};
		B81FF19C1E1D5C08002A163F /* PBXTargetDependency */ = {
			isa = PBXTargetDependency;
			target = B81FF17A1E1D5C08002A163F /* PageTheScroll */;
			targetProxy = B81FF19B1E1D5C08002A163F /* PBXContainerItemProxy */;
		};
/* End PBXTargetDependency section */

/* Begin PBXVariantGroup section */
		B81FF1821E1D5C08002A163F /* Main.storyboard */ = {
			isa = PBXVariantGroup;
			children = (
				B81FF1831E1D5C08002A163F /* Base */,
			);
			name = Main.storyboard;
			sourceTree = "<group>";
		};
		B81FF1871E1D5C08002A163F /* LaunchScreen.storyboard */ = {
			isa = PBXVariantGroup;
			children = (
				B81FF1881E1D5C08002A163F /* Base */,
			);
			name = LaunchScreen.storyboard;
			sourceTree = "<group>";
		};
/* End PBXVariantGroup section */

/* Begin XCBuildConfiguration section */
		B81FF1A11E1D5C08002A163F /* Debug */ = {
			isa = XCBuildConfiguration;
			buildSettings = {
				ALWAYS_SEARCH_USER_PATHS = NO;
				CLANG_ANALYZER_NONNULL = YES;
				CLANG_CXX_LANGUAGE_STANDARD = "gnu++0x";
				CLANG_CXX_LIBRARY = "libc++";
				CLANG_ENABLE_MODULES = YES;
				CLANG_ENABLE_OBJC_ARC = YES;
				CLANG_WARN_BOOL_CONVERSION = YES;
				CLANG_WARN_CONSTANT_CONVERSION = YES;
				CLANG_WARN_DIRECT_OBJC_ISA_USAGE = YES_ERROR;
				CLANG_WARN_DOCUMENTATION_COMMENTS = YES;
				CLANG_WARN_EMPTY_BODY = YES;
				CLANG_WARN_ENUM_CONVERSION = YES;
				CLANG_WARN_INFINITE_RECURSION = YES;
				CLANG_WARN_INT_CONVERSION = YES;
				CLANG_WARN_OBJC_ROOT_CLASS = YES_ERROR;
				CLANG_WARN_SUSPICIOUS_MOVE = YES;
				CLANG_WARN_UNREACHABLE_CODE = YES;
				CLANG_WARN__DUPLICATE_METHOD_MATCH = YES;
				"CODE_SIGN_IDENTITY[sdk=iphoneos*]" = "iPhone Developer";
				COPY_PHASE_STRIP = NO;
				DEBUG_INFORMATION_FORMAT = dwarf;
				ENABLE_STRICT_OBJC_MSGSEND = YES;
				ENABLE_TESTABILITY = YES;
				GCC_C_LANGUAGE_STANDARD = gnu99;
				GCC_DYNAMIC_NO_PIC = NO;
				GCC_NO_COMMON_BLOCKS = YES;
				GCC_OPTIMIZATION_LEVEL = 0;
				GCC_PREPROCESSOR_DEFINITIONS = (
					"DEBUG=1",
					"$(inherited)",
				);
				GCC_WARN_64_TO_32_BIT_CONVERSION = YES;
				GCC_WARN_ABOUT_RETURN_TYPE = YES_ERROR;
				GCC_WARN_UNDECLARED_SELECTOR = YES;
				GCC_WARN_UNINITIALIZED_AUTOS = YES_AGGRESSIVE;
				GCC_WARN_UNUSED_FUNCTION = YES;
				GCC_WARN_UNUSED_VARIABLE = YES;
				IPHONEOS_DEPLOYMENT_TARGET = 10.2;
				MTL_ENABLE_DEBUG_INFO = YES;
				ONLY_ACTIVE_ARCH = YES;
				SDKROOT = iphoneos;
				SWIFT_ACTIVE_COMPILATION_CONDITIONS = DEBUG;
				SWIFT_OPTIMIZATION_LEVEL = "-Onone";
				TARGETED_DEVICE_FAMILY = "1,2";
			};
			name = Debug;
		};
		B81FF1A21E1D5C08002A163F /* Release */ = {
			isa = XCBuildConfiguration;
			buildSettings = {
				ALWAYS_SEARCH_USER_PATHS = NO;
				CLANG_ANALYZER_NONNULL = YES;
				CLANG_CXX_LANGUAGE_STANDARD = "gnu++0x";
				CLANG_CXX_LIBRARY = "libc++";
				CLANG_ENABLE_MODULES = YES;
				CLANG_ENABLE_OBJC_ARC = YES;
				CLANG_WARN_BOOL_CONVERSION = YES;
				CLANG_WARN_CONSTANT_CONVERSION = YES;
				CLANG_WARN_DIRECT_OBJC_ISA_USAGE = YES_ERROR;
				CLANG_WARN_DOCUMENTATION_COMMENTS = YES;
				CLANG_WARN_EMPTY_BODY = YES;
				CLANG_WARN_ENUM_CONVERSION = YES;
				CLANG_WARN_INFINITE_RECURSION = YES;
				CLANG_WARN_INT_CONVERSION = YES;
				CLANG_WARN_OBJC_ROOT_CLASS = YES_ERROR;
				CLANG_WARN_SUSPICIOUS_MOVE = YES;
				CLANG_WARN_UNREACHABLE_CODE = YES;
				CLANG_WARN__DUPLICATE_METHOD_MATCH = YES;
				"CODE_SIGN_IDENTITY[sdk=iphoneos*]" = "iPhone Developer";
				COPY_PHASE_STRIP = NO;
				DEBUG_INFORMATION_FORMAT = "dwarf-with-dsym";
				ENABLE_NS_ASSERTIONS = NO;
				ENABLE_STRICT_OBJC_MSGSEND = YES;
				GCC_C_LANGUAGE_STANDARD = gnu99;
				GCC_NO_COMMON_BLOCKS = YES;
				GCC_WARN_64_TO_32_BIT_CONVERSION = YES;
				GCC_WARN_ABOUT_RETURN_TYPE = YES_ERROR;
				GCC_WARN_UNDECLARED_SELECTOR = YES;
				GCC_WARN_UNINITIALIZED_AUTOS = YES_AGGRESSIVE;
				GCC_WARN_UNUSED_FUNCTION = YES;
				GCC_WARN_UNUSED_VARIABLE = YES;
				IPHONEOS_DEPLOYMENT_TARGET = 10.2;
				MTL_ENABLE_DEBUG_INFO = NO;
				SDKROOT = iphoneos;
				SWIFT_OPTIMIZATION_LEVEL = "-Owholemodule";
				TARGETED_DEVICE_FAMILY = "1,2";
				VALIDATE_PRODUCT = YES;
			};
			name = Release;
		};
		B81FF1A41E1D5C08002A163F /* Debug */ = {
			isa = XCBuildConfiguration;
			buildSettings = {
				ASSETCATALOG_COMPILER_APPICON_NAME = AppIcon;
				DEVELOPMENT_TEAM = 54S7LMH8GM;
				INFOPLIST_FILE = PageTheScroll/Info.plist;
				LD_RUNPATH_SEARCH_PATHS = "$(inherited) @executable_path/Frameworks";
				PRODUCT_BUNDLE_IDENTIFIER = com.ericsirinian.PageTheScroll;
				PRODUCT_NAME = "$(TARGET_NAME)";
				SWIFT_VERSION = 3.0;
			};
			name = Debug;
		};
		B81FF1A51E1D5C08002A163F /* Release */ = {
			isa = XCBuildConfiguration;
			buildSettings = {
				ASSETCATALOG_COMPILER_APPICON_NAME = AppIcon;
				DEVELOPMENT_TEAM = 54S7LMH8GM;
				INFOPLIST_FILE = PageTheScroll/Info.plist;
				LD_RUNPATH_SEARCH_PATHS = "$(inherited) @executable_path/Frameworks";
				PRODUCT_BUNDLE_IDENTIFIER = com.ericsirinian.PageTheScroll;
				PRODUCT_NAME = "$(TARGET_NAME)";
				SWIFT_VERSION = 3.0;
			};
			name = Release;
		};
		B81FF1A71E1D5C08002A163F /* Debug */ = {
			isa = XCBuildConfiguration;
			buildSettings = {
				ALWAYS_EMBED_SWIFT_STANDARD_LIBRARIES = YES;
				BUNDLE_LOADER = "$(TEST_HOST)";
				DEVELOPMENT_TEAM = 54S7LMH8GM;
				INFOPLIST_FILE = PageTheScrollTests/Info.plist;
				LD_RUNPATH_SEARCH_PATHS = "$(inherited) @executable_path/Frameworks @loader_path/Frameworks";
				PRODUCT_BUNDLE_IDENTIFIER = com.ericsirinian.PageTheScrollTests;
				PRODUCT_NAME = "$(TARGET_NAME)";
				SWIFT_VERSION = 3.0;
				TEST_HOST = "$(BUILT_PRODUCTS_DIR)/PageTheScroll.app/PageTheScroll";
			};
			name = Debug;
		};
		B81FF1A81E1D5C08002A163F /* Release */ = {
			isa = XCBuildConfiguration;
			buildSettings = {
				ALWAYS_EMBED_SWIFT_STANDARD_LIBRARIES = YES;
				BUNDLE_LOADER = "$(TEST_HOST)";
				DEVELOPMENT_TEAM = 54S7LMH8GM;
				INFOPLIST_FILE = PageTheScrollTests/Info.plist;
				LD_RUNPATH_SEARCH_PATHS = "$(inherited) @executable_path/Frameworks @loader_path/Frameworks";
				PRODUCT_BUNDLE_IDENTIFIER = com.ericsirinian.PageTheScrollTests;
				PRODUCT_NAME = "$(TARGET_NAME)";
				SWIFT_VERSION = 3.0;
				TEST_HOST = "$(BUILT_PRODUCTS_DIR)/PageTheScroll.app/PageTheScroll";
			};
			name = Release;
		};
		B81FF1AA1E1D5C08002A163F /* Debug */ = {
			isa = XCBuildConfiguration;
			buildSettings = {
				ALWAYS_EMBED_SWIFT_STANDARD_LIBRARIES = YES;
				DEVELOPMENT_TEAM = 54S7LMH8GM;
				INFOPLIST_FILE = PageTheScrollUITests/Info.plist;
				LD_RUNPATH_SEARCH_PATHS = "$(inherited) @executable_path/Frameworks @loader_path/Frameworks";
				PRODUCT_BUNDLE_IDENTIFIER = com.ericsirinian.PageTheScrollUITests;
				PRODUCT_NAME = "$(TARGET_NAME)";
				SWIFT_VERSION = 3.0;
				TEST_TARGET_NAME = PageTheScroll;
			};
			name = Debug;
		};
		B81FF1AB1E1D5C08002A163F /* Release */ = {
			isa = XCBuildConfiguration;
			buildSettings = {
				ALWAYS_EMBED_SWIFT_STANDARD_LIBRARIES = YES;
				DEVELOPMENT_TEAM = 54S7LMH8GM;
				INFOPLIST_FILE = PageTheScrollUITests/Info.plist;
				LD_RUNPATH_SEARCH_PATHS = "$(inherited) @executable_path/Frameworks @loader_path/Frameworks";
				PRODUCT_BUNDLE_IDENTIFIER = com.ericsirinian.PageTheScrollUITests;
				PRODUCT_NAME = "$(TARGET_NAME)";
				SWIFT_VERSION = 3.0;
				TEST_TARGET_NAME = PageTheScroll;
			};
			name = Release;
		};
/* End XCBuildConfiguration section */

/* Begin XCConfigurationList section */
		B81FF1761E1D5C08002A163F /* Build configuration list for PBXProject "PageTheScroll" */ = {
			isa = XCConfigurationList;
			buildConfigurations = (
				B81FF1A11E1D5C08002A163F /* Debug */,
				B81FF1A21E1D5C08002A163F /* Release */,
			);
			defaultConfigurationIsVisible = 0;
			defaultConfigurationName = Release;
		};
		B81FF1A31E1D5C08002A163F /* Build configuration list for PBXNativeTarget "PageTheScroll" */ = {
			isa = XCConfigurationList;
			buildConfigurations = (
				B81FF1A41E1D5C08002A163F /* Debug */,
				B81FF1A51E1D5C08002A163F /* Release */,
			);
			defaultConfigurationIsVisible = 0;
		};
		B81FF1A61E1D5C08002A163F /* Build configuration list for PBXNativeTarget "PageTheScrollTests" */ = {
			isa = XCConfigurationList;
			buildConfigurations = (
				B81FF1A71E1D5C08002A163F /* Debug */,
				B81FF1A81E1D5C08002A163F /* Release */,
			);
			defaultConfigurationIsVisible = 0;
		};
		B81FF1A91E1D5C08002A163F /* Build configuration list for PBXNativeTarget "PageTheScrollUITests" */ = {
			isa = XCConfigurationList;
			buildConfigurations = (
				B81FF1AA1E1D5C08002A163F /* Debug */,
				B81FF1AB1E1D5C08002A163F /* Release */,
			);
			defaultConfigurationIsVisible = 0;
		};
/* End XCConfigurationList section */
	};
	rootObject = B81FF1731E1D5C08002A163F /* Project object */;
}
